// !$*UTF8*$!
{
	archiveVersion = 1;
	classes = {
	};
	objectVersion = 46;
	objects = {

/* Begin PBXBuildFile section */
		292EB7FA1F40112100DE402F /* Meme.swift in Sources */ = {isa = PBXBuildFile; fileRef = 292EB7F91F40112100DE402F /* Meme.swift */; };
		293F7CB21F3AA85D00083936 /* AppDelegate.swift in Sources */ = {isa = PBXBuildFile; fileRef = 293F7CB11F3AA85D00083936 /* AppDelegate.swift */; };
		293F7CB41F3AA85D00083936 /* MemeViewController.swift in Sources */ = {isa = PBXBuildFile; fileRef = 293F7CB31F3AA85D00083936 /* MemeViewController.swift */; };
		293F7CB71F3AA85D00083936 /* Main.storyboard in Resources */ = {isa = PBXBuildFile; fileRef = 293F7CB51F3AA85D00083936 /* Main.storyboard */; };
		293F7CB91F3AA85D00083936 /* Assets.xcassets in Resources */ = {isa = PBXBuildFile; fileRef = 293F7CB81F3AA85D00083936 /* Assets.xcassets */; };
		293F7CBC1F3AA85D00083936 /* LaunchScreen.storyboard in Resources */ = {isa = PBXBuildFile; fileRef = 293F7CBA1F3AA85D00083936 /* LaunchScreen.storyboard */; };
/* End PBXBuildFile section */

/* Begin PBXFileReference section */
		292EB7F91F40112100DE402F /* Meme.swift */ = {isa = PBXFileReference; fileEncoding = 4; lastKnownFileType = sourcecode.swift; path = Meme.swift; sourceTree = "<group>"; };
		293F7CAE1F3AA85D00083936 /* Memem.app */ = {isa = PBXFileReference; explicitFileType = wrapper.application; includeInIndex = 0; path = Memem.app; sourceTree = BUILT_PRODUCTS_DIR; };
		293F7CB11F3AA85D00083936 /* AppDelegate.swift */ = {isa = PBXFileReference; lastKnownFileType = sourcecode.swift; path = AppDelegate.swift; sourceTree = "<group>"; };
		293F7CB31F3AA85D00083936 /* MemeViewController.swift */ = {isa = PBXFileReference; lastKnownFileType = sourcecode.swift; path = MemeViewController.swift; sourceTree = "<group>"; };
		293F7CB61F3AA85D00083936 /* Base */ = {isa = PBXFileReference; lastKnownFileType = file.storyboard; name = Base; path = Base.lproj/Main.storyboard; sourceTree = "<group>"; };
		293F7CB81F3AA85D00083936 /* Assets.xcassets */ = {isa = PBXFileReference; lastKnownFileType = folder.assetcatalog; path = Assets.xcassets; sourceTree = "<group>"; };
		293F7CBB1F3AA85D00083936 /* Base */ = {isa = PBXFileReference; lastKnownFileType = file.storyboard; name = Base; path = Base.lproj/LaunchScreen.storyboard; sourceTree = "<group>"; };
		293F7CBD1F3AA85D00083936 /* Info.plist */ = {isa = PBXFileReference; lastKnownFileType = text.plist.xml; path = Info.plist; sourceTree = "<group>"; };
/* End PBXFileReference section */

/* Begin PBXFrameworksBuildPhase section */
		293F7CAB1F3AA85D00083936 /* Frameworks */ = {
			isa = PBXFrameworksBuildPhase;
			buildActionMask = 2147483647;
			files = (
			);
			runOnlyForDeploymentPostprocessing = 0;
		};
/* End PBXFrameworksBuildPhase section */

/* Begin PBXGroup section */
		292EB7F81F4010FD00DE402F /* Model */ = {
			isa = PBXGroup;
			children = (
				292EB7F91F40112100DE402F /* Meme.swift */,
			);
			name = Model;
			sourceTree = "<group>";
		};
		293F7CA51F3AA85D00083936 = {
			isa = PBXGroup;
			children = (
				293F7CB01F3AA85D00083936 /* Memem */,
				293F7CAF1F3AA85D00083936 /* Products */,
			);
			sourceTree = "<group>";
		};
		293F7CAF1F3AA85D00083936 /* Products */ = {
			isa = PBXGroup;
			children = (
				293F7CAE1F3AA85D00083936 /* Memem.app */,
			);
			name = Products;
			sourceTree = "<group>";
		};
		293F7CB01F3AA85D00083936 /* Memem */ = {
			isa = PBXGroup;
			children = (
				292EB7F81F4010FD00DE402F /* Model */,
				293F7CB11F3AA85D00083936 /* AppDelegate.swift */,
				293F7CB31F3AA85D00083936 /* MemeViewController.swift */,
				293F7CB51F3AA85D00083936 /* Main.storyboard */,
				293F7CB81F3AA85D00083936 /* Assets.xcassets */,
				293F7CBA1F3AA85D00083936 /* LaunchScreen.storyboard */,
				293F7CBD1F3AA85D00083936 /* Info.plist */,
			);
			path = Memem;
			sourceTree = "<group>";
		};
/* End PBXGroup section */

/* Begin PBXNativeTarget section */
		293F7CAD1F3AA85D00083936 /* Memem */ = {
			isa = PBXNativeTarget;
			buildConfigurationList = 293F7CC01F3AA85D00083936 /* Build configuration list for PBXNativeTarget "Memem" */;
			buildPhases = (
				293F7CAA1F3AA85D00083936 /* Sources */,
				293F7CAB1F3AA85D00083936 /* Frameworks */,
				293F7CAC1F3AA85D00083936 /* Resources */,
			);
			buildRules = (
			);
			dependencies = (
			);
			name = Memem;
			productName = Memem;
			productReference = 293F7CAE1F3AA85D00083936 /* Memem.app */;
			productType = "com.apple.product-type.application";
		};
/* End PBXNativeTarget section */

/* Begin PBXProject section */
		293F7CA61F3AA85D00083936 /* Project object */ = {
			isa = PBXProject;
			attributes = {
				LastSwiftUpdateCheck = 0830;
				LastUpgradeCheck = 0830;
				ORGANIZATIONNAME = "Paul Omeally";
				TargetAttributes = {
					293F7CAD1F3AA85D00083936 = {
						CreatedOnToolsVersion = 8.3.3;
						DevelopmentTeam = 2Y285G7CRX;
						ProvisioningStyle = Automatic;
					};
				};
			};
			buildConfigurationList = 293F7CA91F3AA85D00083936 /* Build configuration list for PBXProject "Memem" */;
			compatibilityVersion = "Xcode 3.2";
			developmentRegion = English;
			hasScannedForEncodings = 0;
			knownRegions = (
				en,
				Base,
			);
			mainGroup = 293F7CA51F3AA85D00083936;
			productRefGroup = 293F7CAF1F3AA85D00083936 /* Products */;
			projectDirPath = "";
			projectRoot = "";
			targets = (
				293F7CAD1F3AA85D00083936 /* Memem */,
			);
		};
/* End PBXProject section */

/* Begin PBXResourcesBuildPhase section */
		293F7CAC1F3AA85D00083936 /* Resources */ = {
			isa = PBXResourcesBuildPhase;
			buildActionMask = 2147483647;
			files = (
				293F7CBC1F3AA85D00083936 /* LaunchScreen.storyboard in Resources */,
				293F7CB91F3AA85D00083936 /* Assets.xcassets in Resources */,
				293F7CB71F3AA85D00083936 /* Main.storyboard in Resources */,
			);
			runOnlyForDeploymentPostprocessing = 0;
		};
/* End PBXResourcesBuildPhase section */

/* Begin PBXSourcesBuildPhase section */
		293F7CAA1F3AA85D00083936 /* Sources */ = {
			isa = PBXSourcesBuildPhase;
			buildActionMask = 2147483647;
			files = (
				292EB7FA1F40112100DE402F /* Meme.swift in Sources */,
				293F7CB41F3AA85D00083936 /* MemeViewController.swift in Sources */,
				293F7CB21F3AA85D00083936 /* AppDelegate.swift in Sources */,
			);
			runOnlyForDeploymentPostprocessing = 0;
		};
/* End PBXSourcesBuildPhase section */

/* Begin PBXVariantGroup section */
		293F7CB51F3AA85D00083936 /* Main.storyboard */ = {
			isa = PBXVariantGroup;
			children = (
				293F7CB61F3AA85D00083936 /* Base */,
			);
			name = Main.storyboard;
			sourceTree = "<group>";
		};
		293F7CBA1F3AA85D00083936 /* LaunchScreen.storyboard */ = {
			isa = PBXVariantGroup;
			children = (
				293F7CBB1F3AA85D00083936 /* Base */,
			);
			name = LaunchScreen.storyboard;
			sourceTree = "<group>";
		};
/* End PBXVariantGroup section */

/* Begin XCBuildConfiguration section */
		293F7CBE1F3AA85D00083936 /* Debug */ = {
			isa = XCBuildConfiguration;
			buildSettings = {
				ALWAYS_SEARCH_USER_PATHS = NO;
				CLANG_ANALYZER_NONNULL = YES;
				CLANG_ANALYZER_NUMBER_OBJECT_CONVERSION = YES_AGGRESSIVE;
				CLANG_CXX_LANGUAGE_STANDARD = "gnu++0x";
				CLANG_CXX_LIBRARY = "libc++";
				CLANG_ENABLE_MODULES = YES;
				CLANG_ENABLE_OBJC_ARC = YES;
				CLANG_WARN_BOOL_CONVERSION = YES;
				CLANG_WARN_CONSTANT_CONVERSION = YES;
				CLANG_WARN_DIRECT_OBJC_ISA_USAGE = YES_ERROR;
				CLANG_WARN_DOCUMENTATION_COMMENTS = YES;
				CLANG_WARN_EMPTY_BODY = YES;
				CLANG_WARN_ENUM_CONVERSION = YES;
				CLANG_WARN_INFINITE_RECURSION = YES;
				CLANG_WARN_INT_CONVERSION = YES;
				CLANG_WARN_OBJC_ROOT_CLASS = YES_ERROR;
				CLANG_WARN_SUSPICIOUS_MOVE = YES;
				CLANG_WARN_UNREACHABLE_CODE = YES;
				CLANG_WARN__DUPLICATE_METHOD_MATCH = YES;
				"CODE_SIGN_IDENTITY[sdk=iphoneos*]" = "iPhone Developer";
				COPY_PHASE_STRIP = NO;
				DEBUG_INFORMATION_FORMAT = dwarf;
				ENABLE_STRICT_OBJC_MSGSEND = YES;
				ENABLE_TESTABILITY = YES;
				GCC_C_LANGUAGE_STANDARD = gnu99;
				GCC_DYNAMIC_NO_PIC = NO;
				GCC_NO_COMMON_BLOCKS = YES;
				GCC_OPTIMIZATION_LEVEL = 0;
				GCC_PREPROCESSOR_DEFINITIONS = (
					"DEBUG=1",
					"$(inherited)",
				);
				GCC_WARN_64_TO_32_BIT_CONVERSION = YES;
				GCC_WARN_ABOUT_RETURN_TYPE = YES_ERROR;
				GCC_WARN_UNDECLARED_SELECTOR = YES;
				GCC_WARN_UNINITIALIZED_AUTOS = YES_AGGRESSIVE;
				GCC_WARN_UNUSED_FUNCTION = YES;
				GCC_WARN_UNUSED_VARIABLE = YES;
				IPHONEOS_DEPLOYMENT_TARGET = 10.3;
				MTL_ENABLE_DEBUG_INFO = YES;
				ONLY_ACTIVE_ARCH = YES;
				SDKROOT = iphoneos;
				SWIFT_ACTIVE_COMPILATION_CONDITIONS = DEBUG;
				SWIFT_OPTIMIZATION_LEVEL = "-Onone";
				TARGETED_DEVICE_FAMILY = "1,2";
			};
			name = Debug;
		};
		293F7CBF1F3AA85D00083936 /* Release */ = {
			isa = XCBuildConfiguration;
			buildSettings = {
				ALWAYS_SEARCH_USER_PATHS = NO;
				CLANG_ANALYZER_NONNULL = YES;
				CLANG_ANALYZER_NUMBER_OBJECT_CONVERSION = YES_AGGRESSIVE;
				CLANG_CXX_LANGUAGE_STANDARD = "gnu++0x";
				CLANG_CXX_LIBRARY = "libc++";
				CLANG_ENABLE_MODULES = YES;
				CLANG_ENABLE_OBJC_ARC = YES;
				CLANG_WARN_BOOL_CONVERSION = YES;
				CLANG_WARN_CONSTANT_CONVERSION = YES;
				CLANG_WARN_DIRECT_OBJC_ISA_USAGE = YES_ERROR;
				CLANG_WARN_DOCUMENTATION_COMMENTS = YES;
				CLANG_WARN_EMPTY_BODY = YES;
				CLANG_WARN_ENUM_CONVERSION = YES;
				CLANG_WARN_INFINITE_RECURSION = YES;
				CLANG_WARN_INT_CONVERSION = YES;
				CLANG_WARN_OBJC_ROOT_CLASS = YES_ERROR;
				CLANG_WARN_SUSPICIOUS_MOVE = YES;
				CLANG_WARN_UNREACHABLE_CODE = YES;
				CLANG_WARN__DUPLICATE_METHOD_MATCH = YES;
				"CODE_SIGN_IDENTITY[sdk=iphoneos*]" = "iPhone Developer";
				COPY_PHASE_STRIP = NO;
				DEBUG_INFORMATION_FORMAT = "dwarf-with-dsym";
				ENABLE_NS_ASSERTIONS = NO;
				ENABLE_STRICT_OBJC_MSGSEND = YES;
				GCC_C_LANGUAGE_STANDARD = gnu99;
				GCC_NO_COMMON_BLOCKS = YES;
				GCC_WARN_64_TO_32_BIT_CONVERSION = YES;
				GCC_WARN_ABOUT_RETURN_TYPE = YES_ERROR;
				GCC_WARN_UNDECLARED_SELECTOR = YES;
				GCC_WARN_UNINITIALIZED_AUTOS = YES_AGGRESSIVE;
				GCC_WARN_UNUSED_FUNCTION = YES;
				GCC_WARN_UNUSED_VARIABLE = YES;
				IPHONEOS_DEPLOYMENT_TARGET = 10.3;
				MTL_ENABLE_DEBUG_INFO = NO;
				SDKROOT = iphoneos;
				SWIFT_OPTIMIZATION_LEVEL = "-Owholemodule";
				TARGETED_DEVICE_FAMILY = "1,2";
				VALIDATE_PRODUCT = YES;
			};
			name = Release;
		};
		293F7CC11F3AA85D00083936 /* Debug */ = {
			isa = XCBuildConfiguration;
			buildSettings = {
				ASSETCATALOG_COMPILER_APPICON_NAME = AppIcon;
				DEVELOPMENT_TEAM = 2Y285G7CRX;
				INFOPLIST_FILE = Memem/Info.plist;
				LD_RUNPATH_SEARCH_PATHS = "$(inherited) @executable_path/Frameworks";
				PRODUCT_BUNDLE_IDENTIFIER = com.smashapp.sampleap.Memem;
				PRODUCT_NAME = "$(TARGET_NAME)";
				SWIFT_VERSION = 3.0;
			};
			name = Debug;
		};
		293F7CC21F3AA85D00083936 /* Release */ = {
			isa = XCBuildConfiguration;
			buildSettings = {
				ASSETCATALOG_COMPILER_APPICON_NAME = AppIcon;
				DEVELOPMENT_TEAM = 2Y285G7CRX;
				INFOPLIST_FILE = Memem/Info.plist;
				LD_RUNPATH_SEARCH_PATHS = "$(inherited) @executable_path/Frameworks";
				PRODUCT_BUNDLE_IDENTIFIER = com.smashapp.sampleap.Memem;
				PRODUCT_NAME = "$(TARGET_NAME)";
				SWIFT_VERSION = 3.0;
			};
			name = Release;
		};
/* End XCBuildConfiguration section */

/* Begin XCConfigurationList section */
		293F7CA91F3AA85D00083936 /* Build configuration list for PBXProject "Memem" */ = {
			isa = XCConfigurationList;
			buildConfigurations = (
				293F7CBE1F3AA85D00083936 /* Debug */,
				293F7CBF1F3AA85D00083936 /* Release */,
			);
			defaultConfigurationIsVisible = 0;
			defaultConfigurationName = Release;
		};
		293F7CC01F3AA85D00083936 /* Build configuration list for PBXNativeTarget "Memem" */ = {
			isa = XCConfigurationList;
			buildConfigurations = (
				293F7CC11F3AA85D00083936 /* Debug */,
				293F7CC21F3AA85D00083936 /* Release */,
			);
			defaultConfigurationIsVisible = 0;
			defaultConfigurationName = Release;
		};
/* End XCConfigurationList section */
	};
	rootObject = 293F7CA61F3AA85D00083936 /* Project object */;
}
